
Microsoft Visual Studio Solution File, Format Version 12.00
# Visual Studio Version 16
VisualStudioVersion = 16.0.30114.105
MinimumVisualStudioVersion = 10.0.40219.1
Project("{FAE04EC0-301F-11D3-BF4B-00C04F79EFBC}") = "OAM.Service", "OAM.Service.csproj", "{A8193AEC-55D8-49D8-B824-E2D27756A803}"
EndProject
Global
	GlobalSection(SolutionConfigurationPlatforms) = preSolution
		Debug|Any CPU = Debug|Any CPU
		Release|Any CPU = Release|Any CPU
	EndGlobalSection
	GlobalSection(ProjectConfigurationPlatforms) = postSolution
		{A8193AEC-55D8-49D8-B824-E2D27756A803}.Debug|Any CPU.ActiveCfg = Debug|Any CPU
		{A8193AEC-55D8-49D8-B824-E2D27756A803}.Debug|Any CPU.Build.0 = Debug|Any CPU
		{A8193AEC-55D8-49D8-B824-E2D27756A803}.Release|Any CPU.ActiveCfg = Release|Any CPU
		{A8193AEC-55D8-49D8-B824-E2D27756A803}.Release|Any CPU.Build.0 = Release|Any CPU
	EndGlobalSection
	GlobalSection(SolutionProperties) = preSolution
		HideSolutionNode = FALSE
	EndGlobalSection
	GlobalSection(ExtensibilityGlobals) = postSolution
		SolutionGuid = {802DBE01-D790-4D48-AB0C-2EEBC43ECFCB}
	EndGlobalSection
EndGlobal
